
Microsoft Visual Studio Solution File, Format Version 12.00
# Visual Studio Version 17
VisualStudioVersion = 17.14.36915.13
MinimumVisualStudioVersion = 10.0.40219.1
Project("{FAE04EC0-301F-11D3-BF4B-00C04F79EFBC}") = "Backend", "Backend\Backend.csproj", "{A28B2E70-88F8-496E-998C-83C6AE295209}"
EndProject
Project("{2150E333-8FDC-42A3-9474-1A3956D46DE8}") = "Projektmappenelemente", "Projektmappenelemente", "{84D27F74-D2BA-6C25-2661-968F101900D9}"
	ProjectSection(SolutionItems) = preProject
		.gitignore = .gitignore
	EndProjectSection
EndProject
Project("{2150E333-8FDC-42A3-9474-1A3956D46DE8}") = "Tests", "Tests", "{02EA681E-C7D8-13C7-8484-4AC65E1B71E8}"
EndProject
Project("{FAE04EC0-301F-11D3-BF4B-00C04F79EFBC}") = "SystemTests", "System\SystemTests.csproj", "{A4B18A80-6F24-4BE8-8758-D54B6F801B61}"
EndProject
Global
	GlobalSection(SolutionConfigurationPlatforms) = preSolution
		Debug|Any CPU = Debug|Any CPU
		Release|Any CPU = Release|Any CPU
	EndGlobalSection
	GlobalSection(ProjectConfigurationPlatforms) = postSolution
		{A28B2E70-88F8-496E-998C-83C6AE295209}.Debug|Any CPU.ActiveCfg = Debug|Any CPU
		{A28B2E70-88F8-496E-998C-83C6AE295209}.Debug|Any CPU.Build.0 = Debug|Any CPU
		{A28B2E70-88F8-496E-998C-83C6AE295209}.Release|Any CPU.ActiveCfg = Release|Any CPU
		{A28B2E70-88F8-496E-998C-83C6AE295209}.Release|Any CPU.Build.0 = Release|Any CPU
		{A4B18A80-6F24-4BE8-8758-D54B6F801B61}.Debug|Any CPU.ActiveCfg = Debug|Any CPU
		{A4B18A80-6F24-4BE8-8758-D54B6F801B61}.Debug|Any CPU.Build.0 = Debug|Any CPU
		{A4B18A80-6F24-4BE8-8758-D54B6F801B61}.Release|Any CPU.ActiveCfg = Release|Any CPU
		{A4B18A80-6F24-4BE8-8758-D54B6F801B61}.Release|Any CPU.Build.0 = Release|Any CPU
	EndGlobalSection
	GlobalSection(SolutionProperties) = preSolution
		HideSolutionNode = FALSE
	EndGlobalSection
	GlobalSection(NestedProjects) = preSolution
		{A4B18A80-6F24-4BE8-8758-D54B6F801B61} = {02EA681E-C7D8-13C7-8484-4AC65E1B71E8}
	EndGlobalSection
	GlobalSection(ExtensibilityGlobals) = postSolution
		SolutionGuid = {CA978A0C-00AE-47F2-A8A8-CAC7B0D5BD96}
	EndGlobalSection
EndGlobal
